// !$*UTF8*$!
{
	archiveVersion = 1;
	classes = {
	};
	objectVersion = 51;
	objects = {

/* Begin PBXBuildFile section */
		8BEF037E2572127600B163CD /* AppDelegate.swift in Sources */ = {isa = PBXBuildFile; fileRef = 8BEF037D2572127600B163CD /* AppDelegate.swift */; };
		8BEF03802572127600B163CD /* SceneDelegate.swift in Sources */ = {isa = PBXBuildFile; fileRef = 8BEF037F2572127600B163CD /* SceneDelegate.swift */; };
		8BEF03822572127600B163CD /* ViewController.swift in Sources */ = {isa = PBXBuildFile; fileRef = 8BEF03812572127600B163CD /* ViewController.swift */; };
		8BEF03852572127600B163CD /* Main.storyboard in Resources */ = {isa = PBXBuildFile; fileRef = 8BEF03832572127600B163CD /* Main.storyboard */; };
		8BEF03872572127A00B163CD /* Assets.xcassets in Resources */ = {isa = PBXBuildFile; fileRef = 8BEF03862572127A00B163CD /* Assets.xcassets */; };
		8BEF038A2572127A00B163CD /* LaunchScreen.storyboard in Resources */ = {isa = PBXBuildFile; fileRef = 8BEF03882572127A00B163CD /* LaunchScreen.storyboard */; };
		8BEF0393257214EF00B163CD /* DiscoverViewController.swift in Sources */ = {isa = PBXBuildFile; fileRef = 8BEF0392257214EF00B163CD /* DiscoverViewController.swift */; };
		8BEF039625721C1D00B163CD /* Storyboarded+Extension.swift in Sources */ = {isa = PBXBuildFile; fileRef = 8BEF039525721C1D00B163CD /* Storyboarded+Extension.swift */; };
		8BEF03992572217500B163CD /* Utils.swift in Sources */ = {isa = PBXBuildFile; fileRef = 8BEF03982572217500B163CD /* Utils.swift */; };
		8BEF039C257221BE00B163CD /* Movie.swift in Sources */ = {isa = PBXBuildFile; fileRef = 8BEF039B257221BE00B163CD /* Movie.swift */; };
		8BEF039F257221F400B163CD /* MovieService.swift in Sources */ = {isa = PBXBuildFile; fileRef = 8BEF039E257221F400B163CD /* MovieService.swift */; };
		8BEF03A12572220C00B163CD /* MovieStore.swift in Sources */ = {isa = PBXBuildFile; fileRef = 8BEF03A02572220C00B163CD /* MovieStore.swift */; };
		8BEF03A32572713400B163CD /* UICollectionView+Extension.swift in Sources */ = {isa = PBXBuildFile; fileRef = 8BEF03A22572713400B163CD /* UICollectionView+Extension.swift */; };
		8BEF03AD2572A78D00B163CD /* GenreViewCell.swift in Sources */ = {isa = PBXBuildFile; fileRef = 8BEF03AB2572A78D00B163CD /* GenreViewCell.swift */; };
		8BEF03AE2572A78D00B163CD /* GenreViewCell.xib in Resources */ = {isa = PBXBuildFile; fileRef = 8BEF03AC2572A78D00B163CD /* GenreViewCell.xib */; };
		8BEF03B225734DCF00B163CD /* GenreListViewController.swift in Sources */ = {isa = PBXBuildFile; fileRef = 8BEF03B125734DCF00B163CD /* GenreListViewController.swift */; };
		8BEF03B52573553E00B163CD /* MoviePosterViewCell.swift in Sources */ = {isa = PBXBuildFile; fileRef = 8BEF03B32573553E00B163CD /* MoviePosterViewCell.swift */; };
		8BEF03B62573553E00B163CD /* MoviePosterViewCell.xib in Resources */ = {isa = PBXBuildFile; fileRef = 8BEF03B42573553E00B163CD /* MoviePosterViewCell.xib */; };
		8BEF03B82573560300B163CD /* UView+Extension.swift in Sources */ = {isa = PBXBuildFile; fileRef = 8BEF03B72573560300B163CD /* UView+Extension.swift */; };
		8BEF03BC25738B1700B163CD /* MovieOverviewCell.swift in Sources */ = {isa = PBXBuildFile; fileRef = 8BEF03BA25738B1700B163CD /* MovieOverviewCell.swift */; };
		8BEF03BD25738B1700B163CD /* MovieOverviewCell.xib in Resources */ = {isa = PBXBuildFile; fileRef = 8BEF03BB25738B1700B163CD /* MovieOverviewCell.xib */; };
		8BEF03BF25738F2B00B163CD /* MovieDetailViewController.swift in Sources */ = {isa = PBXBuildFile; fileRef = 8BEF03BE25738F2B00B163CD /* MovieDetailViewController.swift */; };
		D0F096B5317DC62E87E43975 /* Pods_Moview_UIKit.framework in Frameworks */ = {isa = PBXBuildFile; fileRef = 3542BBC844CD779A621F958F /* Pods_Moview_UIKit.framework */; };
/* End PBXBuildFile section */

/* Begin PBXFileReference section */
		1A2773F0CBB852B82223570B /* Pods-Moview_UIKit.debug.xcconfig */ = {isa = PBXFileReference; includeInIndex = 1; lastKnownFileType = text.xcconfig; name = "Pods-Moview_UIKit.debug.xcconfig"; path = "Target Support Files/Pods-Moview_UIKit/Pods-Moview_UIKit.debug.xcconfig"; sourceTree = "<group>"; };
		3542BBC844CD779A621F958F /* Pods_Moview_UIKit.framework */ = {isa = PBXFileReference; explicitFileType = wrapper.framework; includeInIndex = 0; path = Pods_Moview_UIKit.framework; sourceTree = BUILT_PRODUCTS_DIR; };
		42042C7EF8AE04BDD1D9F817 /* Pods-Moview_UIKit.release.xcconfig */ = {isa = PBXFileReference; includeInIndex = 1; lastKnownFileType = text.xcconfig; name = "Pods-Moview_UIKit.release.xcconfig"; path = "Target Support Files/Pods-Moview_UIKit/Pods-Moview_UIKit.release.xcconfig"; sourceTree = "<group>"; };
		8BEF037A2572127600B163CD /* Moview_UIKit.app */ = {isa = PBXFileReference; explicitFileType = wrapper.application; includeInIndex = 0; path = Moview_UIKit.app; sourceTree = BUILT_PRODUCTS_DIR; };
		8BEF037D2572127600B163CD /* AppDelegate.swift */ = {isa = PBXFileReference; lastKnownFileType = sourcecode.swift; path = AppDelegate.swift; sourceTree = "<group>"; };
		8BEF037F2572127600B163CD /* SceneDelegate.swift */ = {isa = PBXFileReference; lastKnownFileType = sourcecode.swift; path = SceneDelegate.swift; sourceTree = "<group>"; };
		8BEF03812572127600B163CD /* ViewController.swift */ = {isa = PBXFileReference; lastKnownFileType = sourcecode.swift; path = ViewController.swift; sourceTree = "<group>"; };
		8BEF03842572127600B163CD /* Base */ = {isa = PBXFileReference; lastKnownFileType = file.storyboard; name = Base; path = Base.lproj/Main.storyboard; sourceTree = "<group>"; };
		8BEF03862572127A00B163CD /* Assets.xcassets */ = {isa = PBXFileReference; lastKnownFileType = folder.assetcatalog; path = Assets.xcassets; sourceTree = "<group>"; };
		8BEF03892572127A00B163CD /* Base */ = {isa = PBXFileReference; lastKnownFileType = file.storyboard; name = Base; path = Base.lproj/LaunchScreen.storyboard; sourceTree = "<group>"; };
		8BEF038B2572127A00B163CD /* Info.plist */ = {isa = PBXFileReference; lastKnownFileType = text.plist.xml; path = Info.plist; sourceTree = "<group>"; };
		8BEF0392257214EF00B163CD /* DiscoverViewController.swift */ = {isa = PBXFileReference; lastKnownFileType = sourcecode.swift; path = DiscoverViewController.swift; sourceTree = "<group>"; };
		8BEF039525721C1D00B163CD /* Storyboarded+Extension.swift */ = {isa = PBXFileReference; lastKnownFileType = sourcecode.swift; path = "Storyboarded+Extension.swift"; sourceTree = "<group>"; };
		8BEF03982572217500B163CD /* Utils.swift */ = {isa = PBXFileReference; lastKnownFileType = sourcecode.swift; path = Utils.swift; sourceTree = "<group>"; };
		8BEF039B257221BE00B163CD /* Movie.swift */ = {isa = PBXFileReference; lastKnownFileType = sourcecode.swift; path = Movie.swift; sourceTree = "<group>"; };
		8BEF039E257221F400B163CD /* MovieService.swift */ = {isa = PBXFileReference; lastKnownFileType = sourcecode.swift; path = MovieService.swift; sourceTree = "<group>"; };
		8BEF03A02572220C00B163CD /* MovieStore.swift */ = {isa = PBXFileReference; lastKnownFileType = sourcecode.swift; path = MovieStore.swift; sourceTree = "<group>"; };
		8BEF03A22572713400B163CD /* UICollectionView+Extension.swift */ = {isa = PBXFileReference; lastKnownFileType = sourcecode.swift; path = "UICollectionView+Extension.swift"; sourceTree = "<group>"; };
		8BEF03AB2572A78D00B163CD /* GenreViewCell.swift */ = {isa = PBXFileReference; lastKnownFileType = sourcecode.swift; path = GenreViewCell.swift; sourceTree = "<group>"; };
		8BEF03AC2572A78D00B163CD /* GenreViewCell.xib */ = {isa = PBXFileReference; lastKnownFileType = file.xib; path = GenreViewCell.xib; sourceTree = "<group>"; };
		8BEF03B125734DCF00B163CD /* GenreListViewController.swift */ = {isa = PBXFileReference; lastKnownFileType = sourcecode.swift; path = GenreListViewController.swift; sourceTree = "<group>"; };
		8BEF03B32573553E00B163CD /* MoviePosterViewCell.swift */ = {isa = PBXFileReference; lastKnownFileType = sourcecode.swift; path = MoviePosterViewCell.swift; sourceTree = "<group>"; };
		8BEF03B42573553E00B163CD /* MoviePosterViewCell.xib */ = {isa = PBXFileReference; lastKnownFileType = file.xib; path = MoviePosterViewCell.xib; sourceTree = "<group>"; };
		8BEF03B72573560300B163CD /* UView+Extension.swift */ = {isa = PBXFileReference; lastKnownFileType = sourcecode.swift; path = "UView+Extension.swift"; sourceTree = "<group>"; };
		8BEF03BA25738B1700B163CD /* MovieOverviewCell.swift */ = {isa = PBXFileReference; lastKnownFileType = sourcecode.swift; path = MovieOverviewCell.swift; sourceTree = "<group>"; };
		8BEF03BB25738B1700B163CD /* MovieOverviewCell.xib */ = {isa = PBXFileReference; lastKnownFileType = file.xib; path = MovieOverviewCell.xib; sourceTree = "<group>"; };
		8BEF03BE25738F2B00B163CD /* MovieDetailViewController.swift */ = {isa = PBXFileReference; lastKnownFileType = sourcecode.swift; path = MovieDetailViewController.swift; sourceTree = "<group>"; };
/* End PBXFileReference section */

/* Begin PBXFrameworksBuildPhase section */
		8BEF03772572127600B163CD /* Frameworks */ = {
			isa = PBXFrameworksBuildPhase;
			buildActionMask = 2147483647;
			files = (
				D0F096B5317DC62E87E43975 /* Pods_Moview_UIKit.framework in Frameworks */,
			);
			runOnlyForDeploymentPostprocessing = 0;
		};
/* End PBXFrameworksBuildPhase section */

/* Begin PBXGroup section */
		8BEF03712572127600B163CD = {
			isa = PBXGroup;
			children = (
				8BEF037C2572127600B163CD /* Moview_UIKit */,
				8BEF037B2572127600B163CD /* Products */,
				95D71EFBF388A8D3DAEDECF6 /* Pods */,
				991DF2523C9BCAEEEACDBF3D /* Frameworks */,
			);
			sourceTree = "<group>";
		};
		8BEF037B2572127600B163CD /* Products */ = {
			isa = PBXGroup;
			children = (
				8BEF037A2572127600B163CD /* Moview_UIKit.app */,
			);
			name = Products;
			sourceTree = "<group>";
		};
		8BEF037C2572127600B163CD /* Moview_UIKit */ = {
			isa = PBXGroup;
			children = (
				8BEF03A42572746300B163CD /* Cells */,
				8BEF039D257221E500B163CD /* Services */,
				8BEF039A257221B000B163CD /* Models */,
				8BEF03972572216700B163CD /* Utils */,
				8BEF039425721BF800B163CD /* Extensions */,
				8BEF03912572144D00B163CD /* ViewController */,
				8BEF037D2572127600B163CD /* AppDelegate.swift */,
				8BEF037F2572127600B163CD /* SceneDelegate.swift */,
				8BEF03832572127600B163CD /* Main.storyboard */,
				8BEF03862572127A00B163CD /* Assets.xcassets */,
				8BEF03882572127A00B163CD /* LaunchScreen.storyboard */,
				8BEF038B2572127A00B163CD /* Info.plist */,
			);
			path = Moview_UIKit;
			sourceTree = "<group>";
		};
		8BEF03912572144D00B163CD /* ViewController */ = {
			isa = PBXGroup;
			children = (
				8BEF03812572127600B163CD /* ViewController.swift */,
				8BEF0392257214EF00B163CD /* DiscoverViewController.swift */,
				8BEF03B125734DCF00B163CD /* GenreListViewController.swift */,
				8BEF03BE25738F2B00B163CD /* MovieDetailViewController.swift */,
			);
			path = ViewController;
			sourceTree = "<group>";
		};
		8BEF039425721BF800B163CD /* Extensions */ = {
			isa = PBXGroup;
			children = (
				8BEF039525721C1D00B163CD /* Storyboarded+Extension.swift */,
				8BEF03A22572713400B163CD /* UICollectionView+Extension.swift */,
				8BEF03B72573560300B163CD /* UView+Extension.swift */,
			);
			path = Extensions;
			sourceTree = "<group>";
		};
		8BEF03972572216700B163CD /* Utils */ = {
			isa = PBXGroup;
			children = (
				8BEF03982572217500B163CD /* Utils.swift */,
			);
			path = Utils;
			sourceTree = "<group>";
		};
		8BEF039A257221B000B163CD /* Models */ = {
			isa = PBXGroup;
			children = (
				8BEF039B257221BE00B163CD /* Movie.swift */,
			);
			path = Models;
			sourceTree = "<group>";
		};
		8BEF039D257221E500B163CD /* Services */ = {
			isa = PBXGroup;
			children = (
				8BEF039E257221F400B163CD /* MovieService.swift */,
				8BEF03A02572220C00B163CD /* MovieStore.swift */,
			);
			path = Services;
			sourceTree = "<group>";
		};
		8BEF03A42572746300B163CD /* Cells */ = {
			isa = PBXGroup;
			children = (
				8BEF03B925738AB800B163CD /* Movie Details */,
				8BEF03AB2572A78D00B163CD /* GenreViewCell.swift */,
				8BEF03AC2572A78D00B163CD /* GenreViewCell.xib */,
				8BEF03B32573553E00B163CD /* MoviePosterViewCell.swift */,
				8BEF03B42573553E00B163CD /* MoviePosterViewCell.xib */,
			);
			path = Cells;
			sourceTree = "<group>";
		};
		8BEF03B925738AB800B163CD /* Movie Details */ = {
			isa = PBXGroup;
			children = (
				8BEF03BA25738B1700B163CD /* MovieOverviewCell.swift */,
				8BEF03BB25738B1700B163CD /* MovieOverviewCell.xib */,
			);
			path = "Movie Details";
			sourceTree = "<group>";
		};
		95D71EFBF388A8D3DAEDECF6 /* Pods */ = {
			isa = PBXGroup;
			children = (
				1A2773F0CBB852B82223570B /* Pods-Moview_UIKit.debug.xcconfig */,
				42042C7EF8AE04BDD1D9F817 /* Pods-Moview_UIKit.release.xcconfig */,
			);
			path = Pods;
			sourceTree = "<group>";
		};
		991DF2523C9BCAEEEACDBF3D /* Frameworks */ = {
			isa = PBXGroup;
			children = (
				3542BBC844CD779A621F958F /* Pods_Moview_UIKit.framework */,
			);
			name = Frameworks;
			sourceTree = "<group>";
		};
/* End PBXGroup section */

/* Begin PBXNativeTarget section */
		8BEF03792572127600B163CD /* Moview_UIKit */ = {
			isa = PBXNativeTarget;
			buildConfigurationList = 8BEF038E2572127A00B163CD /* Build configuration list for PBXNativeTarget "Moview_UIKit" */;
			buildPhases = (
				37FF40B49F94D3E473DF7BCE /* [CP] Check Pods Manifest.lock */,
				8BEF03762572127600B163CD /* Sources */,
				8BEF03772572127600B163CD /* Frameworks */,
				8BEF03782572127600B163CD /* Resources */,
				8629F363DD58AD4E9D37C18F /* [CP] Embed Pods Frameworks */,
			);
			buildRules = (
			);
			dependencies = (
			);
			name = Moview_UIKit;
			productName = Moview_UIKit;
			productReference = 8BEF037A2572127600B163CD /* Moview_UIKit.app */;
			productType = "com.apple.product-type.application";
		};
/* End PBXNativeTarget section */

/* Begin PBXProject section */
		8BEF03722572127600B163CD /* Project object */ = {
			isa = PBXProject;
			attributes = {
				LastSwiftUpdateCheck = 1170;
				LastUpgradeCheck = 1170;
				ORGANIZATIONNAME = "ADI Consulting Test";
				TargetAttributes = {
					8BEF03792572127600B163CD = {
						CreatedOnToolsVersion = 11.7;
					};
				};
			};
			buildConfigurationList = 8BEF03752572127600B163CD /* Build configuration list for PBXProject "Moview_UIKit" */;
			compatibilityVersion = "Xcode 9.3";
			developmentRegion = en;
			hasScannedForEncodings = 0;
			knownRegions = (
				en,
				Base,
			);
			mainGroup = 8BEF03712572127600B163CD;
			productRefGroup = 8BEF037B2572127600B163CD /* Products */;
			projectDirPath = "";
			projectRoot = "";
			targets = (
				8BEF03792572127600B163CD /* Moview_UIKit */,
			);
		};
/* End PBXProject section */

/* Begin PBXResourcesBuildPhase section */
		8BEF03782572127600B163CD /* Resources */ = {
			isa = PBXResourcesBuildPhase;
			buildActionMask = 2147483647;
			files = (
				8BEF038A2572127A00B163CD /* LaunchScreen.storyboard in Resources */,
				8BEF03B62573553E00B163CD /* MoviePosterViewCell.xib in Resources */,
				8BEF03AE2572A78D00B163CD /* GenreViewCell.xib in Resources */,
				8BEF03872572127A00B163CD /* Assets.xcassets in Resources */,
				8BEF03852572127600B163CD /* Main.storyboard in Resources */,
				8BEF03BD25738B1700B163CD /* MovieOverviewCell.xib in Resources */,
			);
			runOnlyForDeploymentPostprocessing = 0;
		};
/* End PBXResourcesBuildPhase section */

/* Begin PBXShellScriptBuildPhase section */
		37FF40B49F94D3E473DF7BCE /* [CP] Check Pods Manifest.lock */ = {
			isa = PBXShellScriptBuildPhase;
			buildActionMask = 2147483647;
			files = (
			);
			inputFileListPaths = (
			);
			inputPaths = (
				"${PODS_PODFILE_DIR_PATH}/Podfile.lock",
				"${PODS_ROOT}/Manifest.lock",
			);
			name = "[CP] Check Pods Manifest.lock";
			outputFileListPaths = (
			);
			outputPaths = (
				"$(DERIVED_FILE_DIR)/Pods-Moview_UIKit-checkManifestLockResult.txt",
			);
			runOnlyForDeploymentPostprocessing = 0;
			shellPath = /bin/sh;
			shellScript = "diff \"${PODS_PODFILE_DIR_PATH}/Podfile.lock\" \"${PODS_ROOT}/Manifest.lock\" > /dev/null\nif [ $? != 0 ] ; then\n    # print error to STDERR\n    echo \"error: The sandbox is not in sync with the Podfile.lock. Run 'pod install' or update your CocoaPods installation.\" >&2\n    exit 1\nfi\n# This output is used by Xcode 'outputs' to avoid re-running this script phase.\necho \"SUCCESS\" > \"${SCRIPT_OUTPUT_FILE_0}\"\n";
			showEnvVarsInLog = 0;
		};
		8629F363DD58AD4E9D37C18F /* [CP] Embed Pods Frameworks */ = {
			isa = PBXShellScriptBuildPhase;
			buildActionMask = 2147483647;
			files = (
			);
			inputFileListPaths = (
				"${PODS_ROOT}/Target Support Files/Pods-Moview_UIKit/Pods-Moview_UIKit-frameworks-${CONFIGURATION}-input-files.xcfilelist",
			);
			name = "[CP] Embed Pods Frameworks";
			outputFileListPaths = (
				"${PODS_ROOT}/Target Support Files/Pods-Moview_UIKit/Pods-Moview_UIKit-frameworks-${CONFIGURATION}-output-files.xcfilelist",
			);
			runOnlyForDeploymentPostprocessing = 0;
			shellPath = /bin/sh;
			shellScript = "\"${PODS_ROOT}/Target Support Files/Pods-Moview_UIKit/Pods-Moview_UIKit-frameworks.sh\"\n";
			showEnvVarsInLog = 0;
		};
/* End PBXShellScriptBuildPhase section */

/* Begin PBXSourcesBuildPhase section */
		8BEF03762572127600B163CD /* Sources */ = {
			isa = PBXSourcesBuildPhase;
			buildActionMask = 2147483647;
			files = (
				8BEF039C257221BE00B163CD /* Movie.swift in Sources */,
				8BEF03A12572220C00B163CD /* MovieStore.swift in Sources */,
				8BEF03822572127600B163CD /* ViewController.swift in Sources */,
				8BEF03BC25738B1700B163CD /* MovieOverviewCell.swift in Sources */,
				8BEF03B52573553E00B163CD /* MoviePosterViewCell.swift in Sources */,
				8BEF0393257214EF00B163CD /* DiscoverViewController.swift in Sources */,
				8BEF037E2572127600B163CD /* AppDelegate.swift in Sources */,
				8BEF039625721C1D00B163CD /* Storyboarded+Extension.swift in Sources */,
				8BEF03AD2572A78D00B163CD /* GenreViewCell.swift in Sources */,
				8BEF03B82573560300B163CD /* UView+Extension.swift in Sources */,
				8BEF03A32572713400B163CD /* UICollectionView+Extension.swift in Sources */,
				8BEF03B225734DCF00B163CD /* GenreListViewController.swift in Sources */,
				8BEF03BF25738F2B00B163CD /* MovieDetailViewController.swift in Sources */,
				8BEF03802572127600B163CD /* SceneDelegate.swift in Sources */,
				8BEF039F257221F400B163CD /* MovieService.swift in Sources */,
				8BEF03992572217500B163CD /* Utils.swift in Sources */,
			);
			runOnlyForDeploymentPostprocessing = 0;
		};
/* End PBXSourcesBuildPhase section */

/* Begin PBXVariantGroup section */
		8BEF03832572127600B163CD /* Main.storyboard */ = {
			isa = PBXVariantGroup;
			children = (
				8BEF03842572127600B163CD /* Base */,
			);
			name = Main.storyboard;
			sourceTree = "<group>";
		};
		8BEF03882572127A00B163CD /* LaunchScreen.storyboard */ = {
			isa = PBXVariantGroup;
			children = (
				8BEF03892572127A00B163CD /* Base */,
			);
			name = LaunchScreen.storyboard;
			sourceTree = "<group>";
		};
/* End PBXVariantGroup section */

/* Begin XCBuildConfiguration section */
		8BEF038C2572127A00B163CD /* Debug */ = {
			isa = XCBuildConfiguration;
			buildSettings = {
				ALWAYS_SEARCH_USER_PATHS = NO;
				CLANG_ANALYZER_NONNULL = YES;
				CLANG_ANALYZER_NUMBER_OBJECT_CONVERSION = YES_AGGRESSIVE;
				CLANG_CXX_LANGUAGE_STANDARD = "gnu++14";
				CLANG_CXX_LIBRARY = "libc++";
				CLANG_ENABLE_MODULES = YES;
				CLANG_ENABLE_OBJC_ARC = YES;
				CLANG_ENABLE_OBJC_WEAK = YES;
				CLANG_WARN_BLOCK_CAPTURE_AUTORELEASING = YES;
				CLANG_WARN_BOOL_CONVERSION = YES;
				CLANG_WARN_COMMA = YES;
				CLANG_WARN_CONSTANT_CONVERSION = YES;
				CLANG_WARN_DEPRECATED_OBJC_IMPLEMENTATIONS = YES;
				CLANG_WARN_DIRECT_OBJC_ISA_USAGE = YES_ERROR;
				CLANG_WARN_DOCUMENTATION_COMMENTS = YES;
				CLANG_WARN_EMPTY_BODY = YES;
				CLANG_WARN_ENUM_CONVERSION = YES;
				CLANG_WARN_INFINITE_RECURSION = YES;
				CLANG_WARN_INT_CONVERSION = YES;
				CLANG_WARN_NON_LITERAL_NULL_CONVERSION = YES;
				CLANG_WARN_OBJC_IMPLICIT_RETAIN_SELF = YES;
				CLANG_WARN_OBJC_LITERAL_CONVERSION = YES;
				CLANG_WARN_OBJC_ROOT_CLASS = YES_ERROR;
				CLANG_WARN_RANGE_LOOP_ANALYSIS = YES;
				CLANG_WARN_STRICT_PROTOTYPES = YES;
				CLANG_WARN_SUSPICIOUS_MOVE = YES;
				CLANG_WARN_UNGUARDED_AVAILABILITY = YES_AGGRESSIVE;
				CLANG_WARN_UNREACHABLE_CODE = YES;
				CLANG_WARN__DUPLICATE_METHOD_MATCH = YES;
				COPY_PHASE_STRIP = NO;
				DEBUG_INFORMATION_FORMAT = dwarf;
				ENABLE_STRICT_OBJC_MSGSEND = YES;
				ENABLE_TESTABILITY = YES;
				GCC_C_LANGUAGE_STANDARD = gnu11;
				GCC_DYNAMIC_NO_PIC = NO;
				GCC_NO_COMMON_BLOCKS = YES;
				GCC_OPTIMIZATION_LEVEL = 0;
				GCC_PREPROCESSOR_DEFINITIONS = (
					"DEBUG=1",
					"$(inherited)",
				);
				GCC_WARN_64_TO_32_BIT_CONVERSION = YES;
				GCC_WARN_ABOUT_RETURN_TYPE = YES_ERROR;
				GCC_WARN_UNDECLARED_SELECTOR = YES;
				GCC_WARN_UNINITIALIZED_AUTOS = YES_AGGRESSIVE;
				GCC_WARN_UNUSED_FUNCTION = YES;
				GCC_WARN_UNUSED_VARIABLE = YES;
				IPHONEOS_DEPLOYMENT_TARGET = 13.7;
				MTL_ENABLE_DEBUG_INFO = INCLUDE_SOURCE;
				MTL_FAST_MATH = YES;
				ONLY_ACTIVE_ARCH = YES;
				SDKROOT = iphoneos;
				SWIFT_ACTIVE_COMPILATION_CONDITIONS = DEBUG;
				SWIFT_OPTIMIZATION_LEVEL = "-Onone";
			};
			name = Debug;
		};
		8BEF038D2572127A00B163CD /* Release */ = {
			isa = XCBuildConfiguration;
			buildSettings = {
				ALWAYS_SEARCH_USER_PATHS = NO;
				CLANG_ANALYZER_NONNULL = YES;
				CLANG_ANALYZER_NUMBER_OBJECT_CONVERSION = YES_AGGRESSIVE;
				CLANG_CXX_LANGUAGE_STANDARD = "gnu++14";
				CLANG_CXX_LIBRARY = "libc++";
				CLANG_ENABLE_MODULES = YES;
				CLANG_ENABLE_OBJC_ARC = YES;
				CLANG_ENABLE_OBJC_WEAK = YES;
				CLANG_WARN_BLOCK_CAPTURE_AUTORELEASING = YES;
				CLANG_WARN_BOOL_CONVERSION = YES;
				CLANG_WARN_COMMA = YES;
				CLANG_WARN_CONSTANT_CONVERSION = YES;
				CLANG_WARN_DEPRECATED_OBJC_IMPLEMENTATIONS = YES;
				CLANG_WARN_DIRECT_OBJC_ISA_USAGE = YES_ERROR;
				CLANG_WARN_DOCUMENTATION_COMMENTS = YES;
				CLANG_WARN_EMPTY_BODY = YES;
				CLANG_WARN_ENUM_CONVERSION = YES;
				CLANG_WARN_INFINITE_RECURSION = YES;
				CLANG_WARN_INT_CONVERSION = YES;
				CLANG_WARN_NON_LITERAL_NULL_CONVERSION = YES;
				CLANG_WARN_OBJC_IMPLICIT_RETAIN_SELF = YES;
				CLANG_WARN_OBJC_LITERAL_CONVERSION = YES;
				CLANG_WARN_OBJC_ROOT_CLASS = YES_ERROR;
				CLANG_WARN_RANGE_LOOP_ANALYSIS = YES;
				CLANG_WARN_STRICT_PROTOTYPES = YES;
				CLANG_WARN_SUSPICIOUS_MOVE = YES;
				CLANG_WARN_UNGUARDED_AVAILABILITY = YES_AGGRESSIVE;
				CLANG_WARN_UNREACHABLE_CODE = YES;
				CLANG_WARN__DUPLICATE_METHOD_MATCH = YES;
				COPY_PHASE_STRIP = NO;
				DEBUG_INFORMATION_FORMAT = "dwarf-with-dsym";
				ENABLE_NS_ASSERTIONS = NO;
				ENABLE_STRICT_OBJC_MSGSEND = YES;
				GCC_C_LANGUAGE_STANDARD = gnu11;
				GCC_NO_COMMON_BLOCKS = YES;
				GCC_WARN_64_TO_32_BIT_CONVERSION = YES;
				GCC_WARN_ABOUT_RETURN_TYPE = YES_ERROR;
				GCC_WARN_UNDECLARED_SELECTOR = YES;
				GCC_WARN_UNINITIALIZED_AUTOS = YES_AGGRESSIVE;
				GCC_WARN_UNUSED_FUNCTION = YES;
				GCC_WARN_UNUSED_VARIABLE = YES;
				IPHONEOS_DEPLOYMENT_TARGET = 13.7;
				MTL_ENABLE_DEBUG_INFO = NO;
				MTL_FAST_MATH = YES;
				SDKROOT = iphoneos;
				SWIFT_COMPILATION_MODE = wholemodule;
				SWIFT_OPTIMIZATION_LEVEL = "-O";
				VALIDATE_PRODUCT = YES;
			};
			name = Release;
		};
		8BEF038F2572127A00B163CD /* Debug */ = {
			isa = XCBuildConfiguration;
			baseConfigurationReference = 1A2773F0CBB852B82223570B /* Pods-Moview_UIKit.debug.xcconfig */;
			buildSettings = {
				ASSETCATALOG_COMPILER_APPICON_NAME = AppIcon;
				CODE_SIGN_STYLE = Automatic;
				DEVELOPMENT_TEAM = 49LT2MNGBG;
				INFOPLIST_FILE = Moview_UIKit/Info.plist;
				LD_RUNPATH_SEARCH_PATHS = (
					"$(inherited)",
					"@executable_path/Frameworks",
				);
				PRODUCT_BUNDLE_IDENTIFIER = "com.adi.test.Moview-UIKit";
				PRODUCT_NAME = "$(TARGET_NAME)";
				SWIFT_VERSION = 5.0;
				TARGETED_DEVICE_FAMILY = "1,2";
			};
			name = Debug;
		};
		8BEF03902572127A00B163CD /* Release */ = {
			isa = XCBuildConfiguration;
			baseConfigurationReference = 42042C7EF8AE04BDD1D9F817 /* Pods-Moview_UIKit.release.xcconfig */;
			buildSettings = {
				ASSETCATALOG_COMPILER_APPICON_NAME = AppIcon;
				CODE_SIGN_STYLE = Automatic;
				DEVELOPMENT_TEAM = 49LT2MNGBG;
				INFOPLIST_FILE = Moview_UIKit/Info.plist;
				LD_RUNPATH_SEARCH_PATHS = (
					"$(inherited)",
					"@executable_path/Frameworks",
				);
				PRODUCT_BUNDLE_IDENTIFIER = "com.adi.test.Moview-UIKit";
				PRODUCT_NAME = "$(TARGET_NAME)";
				SWIFT_VERSION = 5.0;
				TARGETED_DEVICE_FAMILY = "1,2";
			};
			name = Release;
		};
/* End XCBuildConfiguration section */

/* Begin XCConfigurationList section */
		8BEF03752572127600B163CD /* Build configuration list for PBXProject "Moview_UIKit" */ = {
			isa = XCConfigurationList;
			buildConfigurations = (
				8BEF038C2572127A00B163CD /* Debug */,
				8BEF038D2572127A00B163CD /* Release */,
			);
			defaultConfigurationIsVisible = 0;
			defaultConfigurationName = Release;
		};
		8BEF038E2572127A00B163CD /* Build configuration list for PBXNativeTarget "Moview_UIKit" */ = {
			isa = XCConfigurationList;
			buildConfigurations = (
				8BEF038F2572127A00B163CD /* Debug */,
				8BEF03902572127A00B163CD /* Release */,
			);
			defaultConfigurationIsVisible = 0;
			defaultConfigurationName = Release;
		};
/* End XCConfigurationList section */
	};
	rootObject = 8BEF03722572127600B163CD /* Project object */;
}
